
Microsoft Visual Studio Solution File, Format Version 12.00
# Visual Studio 15
VisualStudioVersion = 15.0.26124.0
MinimumVisualStudioVersion = 15.0.26124.0
Project("{FAE04EC0-301F-11D3-BF4B-00C04F79EFBC}") = "IncDec", "IncDec\IncDec.csproj", "{866110F9-9485-4A66-B33C-7530D5F2F89C}"
EndProject
Project("{FAE04EC0-301F-11D3-BF4B-00C04F79EFBC}") = "Cilindro", "Cilindro\Cilindro.csproj", "{542A655A-FBD4-44CD-AC22-D5C288B74096}"
EndProject
Project("{FAE04EC0-301F-11D3-BF4B-00C04F79EFBC}") = "ValoresEspeciais", "ValoresEspeciais\ValoresEspeciais.csproj", "{EAACCA6B-B552-4B55-BD5D-67BBC55AC08E}"
EndProject
Project("{FAE04EC0-301F-11D3-BF4B-00C04F79EFBC}") = "IfExample", "IfExample\IfExample.csproj", "{450A115F-BEE0-44B0-A075-4A9196D2456D}"
EndProject
Project("{FAE04EC0-301F-11D3-BF4B-00C04F79EFBC}") = "Skynet", "Skynet\Skynet.csproj", "{A115D124-4EBE-40D8-8772-57BE90507CF5}"
EndProject
Project("{FAE04EC0-301F-11D3-BF4B-00C04F79EFBC}") = "SkynetPatternSwitch", "SkynetPatternSwitch\SkynetPatternSwitch.csproj", "{2533687F-256F-4D6F-B014-2F6DC1EAD5B1}"
EndProject
Project("{FAE04EC0-301F-11D3-BF4B-00C04F79EFBC}") = "ChatBot", "ChatBot\ChatBot.csproj", "{25D5074D-2B5E-4429-AD34-AECFB547D06A}"
EndProject
Project("{FAE04EC0-301F-11D3-BF4B-00C04F79EFBC}") = "Piramide", "Piramide\Piramide.csproj", "{FE462491-B3BA-43FF-8CC5-225A91E474F6}"
EndProject
Project("{FAE04EC0-301F-11D3-BF4B-00C04F79EFBC}") = "Exercise17", "Exercise17\Exercise17.csproj", "{311D31FE-8A93-4B44-9E96-56CFB0EFA9B3}"
EndProject
Project("{FAE04EC0-301F-11D3-BF4B-00C04F79EFBC}") = "Exercise18", "Exercise18\Exercise18.csproj", "{29BDF215-6993-4ED2-A777-A24AD17012A7}"
EndProject
Project("{FAE04EC0-301F-11D3-BF4B-00C04F79EFBC}") = "Exercise19", "Exercise19\Exercise19.csproj", "{3F2E79AD-A9A4-47B1-B1E7-41BB6AEE242E}"
EndProject
Global
	GlobalSection(SolutionConfigurationPlatforms) = preSolution
		Debug|Any CPU = Debug|Any CPU
		Debug|x64 = Debug|x64
		Debug|x86 = Debug|x86
		Release|Any CPU = Release|Any CPU
		Release|x64 = Release|x64
		Release|x86 = Release|x86
	EndGlobalSection
	GlobalSection(SolutionProperties) = preSolution
		HideSolutionNode = FALSE
	EndGlobalSection
	GlobalSection(ProjectConfigurationPlatforms) = postSolution
		{866110F9-9485-4A66-B33C-7530D5F2F89C}.Debug|Any CPU.ActiveCfg = Debug|Any CPU
		{866110F9-9485-4A66-B33C-7530D5F2F89C}.Debug|Any CPU.Build.0 = Debug|Any CPU
		{866110F9-9485-4A66-B33C-7530D5F2F89C}.Debug|x64.ActiveCfg = Debug|Any CPU
		{866110F9-9485-4A66-B33C-7530D5F2F89C}.Debug|x64.Build.0 = Debug|Any CPU
		{866110F9-9485-4A66-B33C-7530D5F2F89C}.Debug|x86.ActiveCfg = Debug|Any CPU
		{866110F9-9485-4A66-B33C-7530D5F2F89C}.Debug|x86.Build.0 = Debug|Any CPU
		{866110F9-9485-4A66-B33C-7530D5F2F89C}.Release|Any CPU.ActiveCfg = Release|Any CPU
		{866110F9-9485-4A66-B33C-7530D5F2F89C}.Release|Any CPU.Build.0 = Release|Any CPU
		{866110F9-9485-4A66-B33C-7530D5F2F89C}.Release|x64.ActiveCfg = Release|Any CPU
		{866110F9-9485-4A66-B33C-7530D5F2F89C}.Release|x64.Build.0 = Release|Any CPU
		{866110F9-9485-4A66-B33C-7530D5F2F89C}.Release|x86.ActiveCfg = Release|Any CPU
		{866110F9-9485-4A66-B33C-7530D5F2F89C}.Release|x86.Build.0 = Release|Any CPU
		{542A655A-FBD4-44CD-AC22-D5C288B74096}.Debug|Any CPU.ActiveCfg = Debug|Any CPU
		{542A655A-FBD4-44CD-AC22-D5C288B74096}.Debug|Any CPU.Build.0 = Debug|Any CPU
		{542A655A-FBD4-44CD-AC22-D5C288B74096}.Debug|x64.ActiveCfg = Debug|Any CPU
		{542A655A-FBD4-44CD-AC22-D5C288B74096}.Debug|x64.Build.0 = Debug|Any CPU
		{542A655A-FBD4-44CD-AC22-D5C288B74096}.Debug|x86.ActiveCfg = Debug|Any CPU
		{542A655A-FBD4-44CD-AC22-D5C288B74096}.Debug|x86.Build.0 = Debug|Any CPU
		{542A655A-FBD4-44CD-AC22-D5C288B74096}.Release|Any CPU.ActiveCfg = Release|Any CPU
		{542A655A-FBD4-44CD-AC22-D5C288B74096}.Release|Any CPU.Build.0 = Release|Any CPU
		{542A655A-FBD4-44CD-AC22-D5C288B74096}.Release|x64.ActiveCfg = Release|Any CPU
		{542A655A-FBD4-44CD-AC22-D5C288B74096}.Release|x64.Build.0 = Release|Any CPU
		{542A655A-FBD4-44CD-AC22-D5C288B74096}.Release|x86.ActiveCfg = Release|Any CPU
		{542A655A-FBD4-44CD-AC22-D5C288B74096}.Release|x86.Build.0 = Release|Any CPU
		{EAACCA6B-B552-4B55-BD5D-67BBC55AC08E}.Debug|Any CPU.ActiveCfg = Debug|Any CPU
		{EAACCA6B-B552-4B55-BD5D-67BBC55AC08E}.Debug|Any CPU.Build.0 = Debug|Any CPU
		{EAACCA6B-B552-4B55-BD5D-67BBC55AC08E}.Debug|x64.ActiveCfg = Debug|Any CPU
		{EAACCA6B-B552-4B55-BD5D-67BBC55AC08E}.Debug|x64.Build.0 = Debug|Any CPU
		{EAACCA6B-B552-4B55-BD5D-67BBC55AC08E}.Debug|x86.ActiveCfg = Debug|Any CPU
		{EAACCA6B-B552-4B55-BD5D-67BBC55AC08E}.Debug|x86.Build.0 = Debug|Any CPU
		{EAACCA6B-B552-4B55-BD5D-67BBC55AC08E}.Release|Any CPU.ActiveCfg = Release|Any CPU
		{EAACCA6B-B552-4B55-BD5D-67BBC55AC08E}.Release|Any CPU.Build.0 = Release|Any CPU
		{EAACCA6B-B552-4B55-BD5D-67BBC55AC08E}.Release|x64.ActiveCfg = Release|Any CPU
		{EAACCA6B-B552-4B55-BD5D-67BBC55AC08E}.Release|x64.Build.0 = Release|Any CPU
		{EAACCA6B-B552-4B55-BD5D-67BBC55AC08E}.Release|x86.ActiveCfg = Release|Any CPU
		{EAACCA6B-B552-4B55-BD5D-67BBC55AC08E}.Release|x86.Build.0 = Release|Any CPU
		{450A115F-BEE0-44B0-A075-4A9196D2456D}.Debug|Any CPU.ActiveCfg = Debug|Any CPU
		{450A115F-BEE0-44B0-A075-4A9196D2456D}.Debug|Any CPU.Build.0 = Debug|Any CPU
		{450A115F-BEE0-44B0-A075-4A9196D2456D}.Debug|x64.ActiveCfg = Debug|Any CPU
		{450A115F-BEE0-44B0-A075-4A9196D2456D}.Debug|x64.Build.0 = Debug|Any CPU
		{450A115F-BEE0-44B0-A075-4A9196D2456D}.Debug|x86.ActiveCfg = Debug|Any CPU
		{450A115F-BEE0-44B0-A075-4A9196D2456D}.Debug|x86.Build.0 = Debug|Any CPU
		{450A115F-BEE0-44B0-A075-4A9196D2456D}.Release|Any CPU.ActiveCfg = Release|Any CPU
		{450A115F-BEE0-44B0-A075-4A9196D2456D}.Release|Any CPU.Build.0 = Release|Any CPU
		{450A115F-BEE0-44B0-A075-4A9196D2456D}.Release|x64.ActiveCfg = Release|Any CPU
		{450A115F-BEE0-44B0-A075-4A9196D2456D}.Release|x64.Build.0 = Release|Any CPU
		{450A115F-BEE0-44B0-A075-4A9196D2456D}.Release|x86.ActiveCfg = Release|Any CPU
		{450A115F-BEE0-44B0-A075-4A9196D2456D}.Release|x86.Build.0 = Release|Any CPU
		{A115D124-4EBE-40D8-8772-57BE90507CF5}.Debug|Any CPU.ActiveCfg = Debug|Any CPU
		{A115D124-4EBE-40D8-8772-57BE90507CF5}.Debug|Any CPU.Build.0 = Debug|Any CPU
		{A115D124-4EBE-40D8-8772-57BE90507CF5}.Debug|x64.ActiveCfg = Debug|Any CPU
		{A115D124-4EBE-40D8-8772-57BE90507CF5}.Debug|x64.Build.0 = Debug|Any CPU
		{A115D124-4EBE-40D8-8772-57BE90507CF5}.Debug|x86.ActiveCfg = Debug|Any CPU
		{A115D124-4EBE-40D8-8772-57BE90507CF5}.Debug|x86.Build.0 = Debug|Any CPU
		{A115D124-4EBE-40D8-8772-57BE90507CF5}.Release|Any CPU.ActiveCfg = Release|Any CPU
		{A115D124-4EBE-40D8-8772-57BE90507CF5}.Release|Any CPU.Build.0 = Release|Any CPU
		{A115D124-4EBE-40D8-8772-57BE90507CF5}.Release|x64.ActiveCfg = Release|Any CPU
		{A115D124-4EBE-40D8-8772-57BE90507CF5}.Release|x64.Build.0 = Release|Any CPU
		{A115D124-4EBE-40D8-8772-57BE90507CF5}.Release|x86.ActiveCfg = Release|Any CPU
		{A115D124-4EBE-40D8-8772-57BE90507CF5}.Release|x86.Build.0 = Release|Any CPU
		{2533687F-256F-4D6F-B014-2F6DC1EAD5B1}.Debug|Any CPU.ActiveCfg = Debug|Any CPU
		{2533687F-256F-4D6F-B014-2F6DC1EAD5B1}.Debug|Any CPU.Build.0 = Debug|Any CPU
		{2533687F-256F-4D6F-B014-2F6DC1EAD5B1}.Debug|x64.ActiveCfg = Debug|Any CPU
		{2533687F-256F-4D6F-B014-2F6DC1EAD5B1}.Debug|x64.Build.0 = Debug|Any CPU
		{2533687F-256F-4D6F-B014-2F6DC1EAD5B1}.Debug|x86.ActiveCfg = Debug|Any CPU
		{2533687F-256F-4D6F-B014-2F6DC1EAD5B1}.Debug|x86.Build.0 = Debug|Any CPU
		{2533687F-256F-4D6F-B014-2F6DC1EAD5B1}.Release|Any CPU.ActiveCfg = Release|Any CPU
		{2533687F-256F-4D6F-B014-2F6DC1EAD5B1}.Release|Any CPU.Build.0 = Release|Any CPU
		{2533687F-256F-4D6F-B014-2F6DC1EAD5B1}.Release|x64.ActiveCfg = Release|Any CPU
		{2533687F-256F-4D6F-B014-2F6DC1EAD5B1}.Release|x64.Build.0 = Release|Any CPU
		{2533687F-256F-4D6F-B014-2F6DC1EAD5B1}.Release|x86.ActiveCfg = Release|Any CPU
		{2533687F-256F-4D6F-B014-2F6DC1EAD5B1}.Release|x86.Build.0 = Release|Any CPU
		{25D5074D-2B5E-4429-AD34-AECFB547D06A}.Debug|Any CPU.ActiveCfg = Debug|Any CPU
		{25D5074D-2B5E-4429-AD34-AECFB547D06A}.Debug|Any CPU.Build.0 = Debug|Any CPU
		{25D5074D-2B5E-4429-AD34-AECFB547D06A}.Debug|x64.ActiveCfg = Debug|Any CPU
		{25D5074D-2B5E-4429-AD34-AECFB547D06A}.Debug|x64.Build.0 = Debug|Any CPU
		{25D5074D-2B5E-4429-AD34-AECFB547D06A}.Debug|x86.ActiveCfg = Debug|Any CPU
		{25D5074D-2B5E-4429-AD34-AECFB547D06A}.Debug|x86.Build.0 = Debug|Any CPU
		{25D5074D-2B5E-4429-AD34-AECFB547D06A}.Release|Any CPU.ActiveCfg = Release|Any CPU
		{25D5074D-2B5E-4429-AD34-AECFB547D06A}.Release|Any CPU.Build.0 = Release|Any CPU
		{25D5074D-2B5E-4429-AD34-AECFB547D06A}.Release|x64.ActiveCfg = Release|Any CPU
		{25D5074D-2B5E-4429-AD34-AECFB547D06A}.Release|x64.Build.0 = Release|Any CPU
		{25D5074D-2B5E-4429-AD34-AECFB547D06A}.Release|x86.ActiveCfg = Release|Any CPU
		{25D5074D-2B5E-4429-AD34-AECFB547D06A}.Release|x86.Build.0 = Release|Any CPU
		{FE462491-B3BA-43FF-8CC5-225A91E474F6}.Debug|Any CPU.ActiveCfg = Debug|Any CPU
		{FE462491-B3BA-43FF-8CC5-225A91E474F6}.Debug|Any CPU.Build.0 = Debug|Any CPU
		{FE462491-B3BA-43FF-8CC5-225A91E474F6}.Debug|x64.ActiveCfg = Debug|Any CPU
		{FE462491-B3BA-43FF-8CC5-225A91E474F6}.Debug|x64.Build.0 = Debug|Any CPU
		{FE462491-B3BA-43FF-8CC5-225A91E474F6}.Debug|x86.ActiveCfg = Debug|Any CPU
		{FE462491-B3BA-43FF-8CC5-225A91E474F6}.Debug|x86.Build.0 = Debug|Any CPU
		{FE462491-B3BA-43FF-8CC5-225A91E474F6}.Release|Any CPU.ActiveCfg = Release|Any CPU
		{FE462491-B3BA-43FF-8CC5-225A91E474F6}.Release|Any CPU.Build.0 = Release|Any CPU
		{FE462491-B3BA-43FF-8CC5-225A91E474F6}.Release|x64.ActiveCfg = Release|Any CPU
		{FE462491-B3BA-43FF-8CC5-225A91E474F6}.Release|x64.Build.0 = Release|Any CPU
		{FE462491-B3BA-43FF-8CC5-225A91E474F6}.Release|x86.ActiveCfg = Release|Any CPU
		{FE462491-B3BA-43FF-8CC5-225A91E474F6}.Release|x86.Build.0 = Release|Any CPU
		{311D31FE-8A93-4B44-9E96-56CFB0EFA9B3}.Debug|Any CPU.ActiveCfg = Debug|Any CPU
		{311D31FE-8A93-4B44-9E96-56CFB0EFA9B3}.Debug|Any CPU.Build.0 = Debug|Any CPU
		{311D31FE-8A93-4B44-9E96-56CFB0EFA9B3}.Debug|x64.ActiveCfg = Debug|Any CPU
		{311D31FE-8A93-4B44-9E96-56CFB0EFA9B3}.Debug|x64.Build.0 = Debug|Any CPU
		{311D31FE-8A93-4B44-9E96-56CFB0EFA9B3}.Debug|x86.ActiveCfg = Debug|Any CPU
		{311D31FE-8A93-4B44-9E96-56CFB0EFA9B3}.Debug|x86.Build.0 = Debug|Any CPU
		{311D31FE-8A93-4B44-9E96-56CFB0EFA9B3}.Release|Any CPU.ActiveCfg = Release|Any CPU
		{311D31FE-8A93-4B44-9E96-56CFB0EFA9B3}.Release|Any CPU.Build.0 = Release|Any CPU
		{311D31FE-8A93-4B44-9E96-56CFB0EFA9B3}.Release|x64.ActiveCfg = Release|Any CPU
		{311D31FE-8A93-4B44-9E96-56CFB0EFA9B3}.Release|x64.Build.0 = Release|Any CPU
		{311D31FE-8A93-4B44-9E96-56CFB0EFA9B3}.Release|x86.ActiveCfg = Release|Any CPU
		{311D31FE-8A93-4B44-9E96-56CFB0EFA9B3}.Release|x86.Build.0 = Release|Any CPU
		{29BDF215-6993-4ED2-A777-A24AD17012A7}.Debug|Any CPU.ActiveCfg = Debug|Any CPU
		{29BDF215-6993-4ED2-A777-A24AD17012A7}.Debug|Any CPU.Build.0 = Debug|Any CPU
		{29BDF215-6993-4ED2-A777-A24AD17012A7}.Debug|x64.ActiveCfg = Debug|Any CPU
		{29BDF215-6993-4ED2-A777-A24AD17012A7}.Debug|x64.Build.0 = Debug|Any CPU
		{29BDF215-6993-4ED2-A777-A24AD17012A7}.Debug|x86.ActiveCfg = Debug|Any CPU
		{29BDF215-6993-4ED2-A777-A24AD17012A7}.Debug|x86.Build.0 = Debug|Any CPU
		{29BDF215-6993-4ED2-A777-A24AD17012A7}.Release|Any CPU.ActiveCfg = Release|Any CPU
		{29BDF215-6993-4ED2-A777-A24AD17012A7}.Release|Any CPU.Build.0 = Release|Any CPU
		{29BDF215-6993-4ED2-A777-A24AD17012A7}.Release|x64.ActiveCfg = Release|Any CPU
		{29BDF215-6993-4ED2-A777-A24AD17012A7}.Release|x64.Build.0 = Release|Any CPU
		{29BDF215-6993-4ED2-A777-A24AD17012A7}.Release|x86.ActiveCfg = Release|Any CPU
		{29BDF215-6993-4ED2-A777-A24AD17012A7}.Release|x86.Build.0 = Release|Any CPU
		{3F2E79AD-A9A4-47B1-B1E7-41BB6AEE242E}.Debug|Any CPU.ActiveCfg = Debug|Any CPU
		{3F2E79AD-A9A4-47B1-B1E7-41BB6AEE242E}.Debug|Any CPU.Build.0 = Debug|Any CPU
		{3F2E79AD-A9A4-47B1-B1E7-41BB6AEE242E}.Debug|x64.ActiveCfg = Debug|Any CPU
		{3F2E79AD-A9A4-47B1-B1E7-41BB6AEE242E}.Debug|x64.Build.0 = Debug|Any CPU
		{3F2E79AD-A9A4-47B1-B1E7-41BB6AEE242E}.Debug|x86.ActiveCfg = Debug|Any CPU
		{3F2E79AD-A9A4-47B1-B1E7-41BB6AEE242E}.Debug|x86.Build.0 = Debug|Any CPU
		{3F2E79AD-A9A4-47B1-B1E7-41BB6AEE242E}.Release|Any CPU.ActiveCfg = Release|Any CPU
		{3F2E79AD-A9A4-47B1-B1E7-41BB6AEE242E}.Release|Any CPU.Build.0 = Release|Any CPU
		{3F2E79AD-A9A4-47B1-B1E7-41BB6AEE242E}.Release|x64.ActiveCfg = Release|Any CPU
		{3F2E79AD-A9A4-47B1-B1E7-41BB6AEE242E}.Release|x64.Build.0 = Release|Any CPU
		{3F2E79AD-A9A4-47B1-B1E7-41BB6AEE242E}.Release|x86.ActiveCfg = Release|Any CPU
		{3F2E79AD-A9A4-47B1-B1E7-41BB6AEE242E}.Release|x86.Build.0 = Release|Any CPU
	EndGlobalSection
EndGlobal
